// !$*UTF8*$!
{
	archiveVersion = 1;
	classes = {
	};
	objectVersion = 56;
	objects = {

/* Begin PBXBuildFile section */
		59A7E075299A3DB200B7D0D5 /* AppDelegate.swift in Sources */ = {isa = PBXBuildFile; fileRef = 59A7E074299A3DB200B7D0D5 /* AppDelegate.swift */; };
		59A7E077299A3DB200B7D0D5 /* SceneDelegate.swift in Sources */ = {isa = PBXBuildFile; fileRef = 59A7E076299A3DB200B7D0D5 /* SceneDelegate.swift */; };
		59A7E079299A3DB200B7D0D5 /* ViewController.swift in Sources */ = {isa = PBXBuildFile; fileRef = 59A7E078299A3DB200B7D0D5 /* ViewController.swift */; };
		59A7E07C299A3DB200B7D0D5 /* Main.storyboard in Resources */ = {isa = PBXBuildFile; fileRef = 59A7E07A299A3DB200B7D0D5 /* Main.storyboard */; };
		59A7E07F299A3DB200B7D0D5 /* assignment.xcdatamodeld in Sources */ = {isa = PBXBuildFile; fileRef = 59A7E07D299A3DB200B7D0D5 /* assignment.xcdatamodeld */; };
		59A7E081299A3DB400B7D0D5 /* Assets.xcassets in Resources */ = {isa = PBXBuildFile; fileRef = 59A7E080299A3DB400B7D0D5 /* Assets.xcassets */; };
		59A7E084299A3DB400B7D0D5 /* LaunchScreen.storyboard in Resources */ = {isa = PBXBuildFile; fileRef = 59A7E082299A3DB400B7D0D5 /* LaunchScreen.storyboard */; };
		59A7E08F299A3DB500B7D0D5 /* assignmentTests.swift in Sources */ = {isa = PBXBuildFile; fileRef = 59A7E08E299A3DB500B7D0D5 /* assignmentTests.swift */; };
		59A7E099299A3DB500B7D0D5 /* assignmentUITests.swift in Sources */ = {isa = PBXBuildFile; fileRef = 59A7E098299A3DB500B7D0D5 /* assignmentUITests.swift */; };
		59A7E09B299A3DB500B7D0D5 /* assignmentUITestsLaunchTests.swift in Sources */ = {isa = PBXBuildFile; fileRef = 59A7E09A299A3DB500B7D0D5 /* assignmentUITestsLaunchTests.swift */; };
		59A7E0A8299A402700B7D0D5 /* FavoriteViewController.swift in Sources */ = {isa = PBXBuildFile; fileRef = 59A7E0A7299A402700B7D0D5 /* FavoriteViewController.swift */; };
		59A7E105299B53B300B7D0D5 /* HomeViewModel.swift in Sources */ = {isa = PBXBuildFile; fileRef = 59A7E104299B53B300B7D0D5 /* HomeViewModel.swift */; };
		59A7E107299B547600B7D0D5 /* ApiManger.swift in Sources */ = {isa = PBXBuildFile; fileRef = 59A7E106299B547600B7D0D5 /* ApiManger.swift */; };
		59A7E109299B54ED00B7D0D5 /* GifModel.swift in Sources */ = {isa = PBXBuildFile; fileRef = 59A7E108299B54ED00B7D0D5 /* GifModel.swift */; };
		59A7E10B299B556800B7D0D5 /* Constant.swift in Sources */ = {isa = PBXBuildFile; fileRef = 59A7E10A299B556800B7D0D5 /* Constant.swift */; };
		59AA2272299DF84600376321 /* gestureController.swift in Sources */ = {isa = PBXBuildFile; fileRef = 59AA2271299DF84600376321 /* gestureController.swift */; };
		59AA2274299E0C4700376321 /* FavoriteViewModel.swift in Sources */ = {isa = PBXBuildFile; fileRef = 59AA2273299E0C4700376321 /* FavoriteViewModel.swift */; };
		59AF7AF2299BAF1500E8186B /* CollectionViewCell.swift in Sources */ = {isa = PBXBuildFile; fileRef = 59AF7AF1299BAF1500E8186B /* CollectionViewCell.swift */; };
		59AF7AF5299BB11900E8186B /* SDWebImage in Frameworks */ = {isa = PBXBuildFile; productRef = 59AF7AF4299BB11900E8186B /* SDWebImage */; };
		59AF7AF7299BB11900E8186B /* SDWebImageMapKit in Frameworks */ = {isa = PBXBuildFile; productRef = 59AF7AF6299BB11900E8186B /* SDWebImageMapKit */; };
		59AF7AFF299CB86300E8186B /* FavoriteItems+CoreDataClass.swift in Sources */ = {isa = PBXBuildFile; fileRef = 59AF7AFD299CB86300E8186B /* FavoriteItems+CoreDataClass.swift */; };
		59AF7B00299CB86300E8186B /* FavoriteItems+CoreDataProperties.swift in Sources */ = {isa = PBXBuildFile; fileRef = 59AF7AFE299CB86300E8186B /* FavoriteItems+CoreDataProperties.swift */; };
		59AF7B02299CBBC300E8186B /* DbService.swift in Sources */ = {isa = PBXBuildFile; fileRef = 59AF7B01299CBBC300E8186B /* DbService.swift */; };
		59AF7B04299CD89100E8186B /* FavoriteModel.swift in Sources */ = {isa = PBXBuildFile; fileRef = 59AF7B03299CD89100E8186B /* FavoriteModel.swift */; };
		59AF7B06299CDC8F00E8186B /* FavoriteCollectionViewCell.swift in Sources */ = {isa = PBXBuildFile; fileRef = 59AF7B05299CDC8F00E8186B /* FavoriteCollectionViewCell.swift */; };
/* End PBXBuildFile section */

/* Begin PBXContainerItemProxy section */
		59A7E08B299A3DB500B7D0D5 /* PBXContainerItemProxy */ = {
			isa = PBXContainerItemProxy;
			containerPortal = 59A7E069299A3DB200B7D0D5 /* Project object */;
			proxyType = 1;
			remoteGlobalIDString = 59A7E070299A3DB200B7D0D5;
			remoteInfo = assignment;
		};
		59A7E095299A3DB500B7D0D5 /* PBXContainerItemProxy */ = {
			isa = PBXContainerItemProxy;
			containerPortal = 59A7E069299A3DB200B7D0D5 /* Project object */;
			proxyType = 1;
			remoteGlobalIDString = 59A7E070299A3DB200B7D0D5;
			remoteInfo = assignment;
		};
/* End PBXContainerItemProxy section */

/* Begin PBXFileReference section */
		59A7E071299A3DB200B7D0D5 /* assignment.app */ = {isa = PBXFileReference; explicitFileType = wrapper.application; includeInIndex = 0; path = assignment.app; sourceTree = BUILT_PRODUCTS_DIR; };
		59A7E074299A3DB200B7D0D5 /* AppDelegate.swift */ = {isa = PBXFileReference; lastKnownFileType = sourcecode.swift; path = AppDelegate.swift; sourceTree = "<group>"; };
		59A7E076299A3DB200B7D0D5 /* SceneDelegate.swift */ = {isa = PBXFileReference; lastKnownFileType = sourcecode.swift; path = SceneDelegate.swift; sourceTree = "<group>"; };
		59A7E078299A3DB200B7D0D5 /* ViewController.swift */ = {isa = PBXFileReference; lastKnownFileType = sourcecode.swift; path = ViewController.swift; sourceTree = "<group>"; };
		59A7E07B299A3DB200B7D0D5 /* Base */ = {isa = PBXFileReference; lastKnownFileType = file.storyboard; name = Base; path = Base.lproj/Main.storyboard; sourceTree = "<group>"; };
		59A7E07E299A3DB200B7D0D5 /* assignment.xcdatamodel */ = {isa = PBXFileReference; lastKnownFileType = wrapper.xcdatamodel; path = assignment.xcdatamodel; sourceTree = "<group>"; };
		59A7E080299A3DB400B7D0D5 /* Assets.xcassets */ = {isa = PBXFileReference; lastKnownFileType = folder.assetcatalog; path = Assets.xcassets; sourceTree = "<group>"; };
		59A7E083299A3DB400B7D0D5 /* Base */ = {isa = PBXFileReference; lastKnownFileType = file.storyboard; name = Base; path = Base.lproj/LaunchScreen.storyboard; sourceTree = "<group>"; };
		59A7E085299A3DB400B7D0D5 /* Info.plist */ = {isa = PBXFileReference; lastKnownFileType = text.plist.xml; path = Info.plist; sourceTree = "<group>"; };
		59A7E08A299A3DB500B7D0D5 /* assignmentTests.xctest */ = {isa = PBXFileReference; explicitFileType = wrapper.cfbundle; includeInIndex = 0; path = assignmentTests.xctest; sourceTree = BUILT_PRODUCTS_DIR; };
		59A7E08E299A3DB500B7D0D5 /* assignmentTests.swift */ = {isa = PBXFileReference; lastKnownFileType = sourcecode.swift; path = assignmentTests.swift; sourceTree = "<group>"; };
		59A7E094299A3DB500B7D0D5 /* assignmentUITests.xctest */ = {isa = PBXFileReference; explicitFileType = wrapper.cfbundle; includeInIndex = 0; path = assignmentUITests.xctest; sourceTree = BUILT_PRODUCTS_DIR; };
		59A7E098299A3DB500B7D0D5 /* assignmentUITests.swift */ = {isa = PBXFileReference; lastKnownFileType = sourcecode.swift; path = assignmentUITests.swift; sourceTree = "<group>"; };
		59A7E09A299A3DB500B7D0D5 /* assignmentUITestsLaunchTests.swift */ = {isa = PBXFileReference; lastKnownFileType = sourcecode.swift; path = assignmentUITestsLaunchTests.swift; sourceTree = "<group>"; };
		59A7E0A7299A402700B7D0D5 /* FavoriteViewController.swift */ = {isa = PBXFileReference; lastKnownFileType = sourcecode.swift; path = FavoriteViewController.swift; sourceTree = "<group>"; };
		59A7E104299B53B300B7D0D5 /* HomeViewModel.swift */ = {isa = PBXFileReference; lastKnownFileType = sourcecode.swift; path = HomeViewModel.swift; sourceTree = "<group>"; };
		59A7E106299B547600B7D0D5 /* ApiManger.swift */ = {isa = PBXFileReference; lastKnownFileType = sourcecode.swift; path = ApiManger.swift; sourceTree = "<group>"; };
		59A7E108299B54ED00B7D0D5 /* GifModel.swift */ = {isa = PBXFileReference; lastKnownFileType = sourcecode.swift; path = GifModel.swift; sourceTree = "<group>"; };
		59A7E10A299B556800B7D0D5 /* Constant.swift */ = {isa = PBXFileReference; lastKnownFileType = sourcecode.swift; path = Constant.swift; sourceTree = "<group>"; };
		59AA2271299DF84600376321 /* gestureController.swift */ = {isa = PBXFileReference; lastKnownFileType = sourcecode.swift; path = gestureController.swift; sourceTree = "<group>"; };
		59AA2273299E0C4700376321 /* FavoriteViewModel.swift */ = {isa = PBXFileReference; lastKnownFileType = sourcecode.swift; path = FavoriteViewModel.swift; sourceTree = "<group>"; };
		59AF7AF1299BAF1500E8186B /* CollectionViewCell.swift */ = {isa = PBXFileReference; lastKnownFileType = sourcecode.swift; path = CollectionViewCell.swift; sourceTree = "<group>"; };
		59AF7AFD299CB86300E8186B /* FavoriteItems+CoreDataClass.swift */ = {isa = PBXFileReference; lastKnownFileType = sourcecode.swift; name = "FavoriteItems+CoreDataClass.swift"; path = "../../FavoriteItems+CoreDataClass.swift"; sourceTree = "<group>"; };
		59AF7AFE299CB86300E8186B /* FavoriteItems+CoreDataProperties.swift */ = {isa = PBXFileReference; lastKnownFileType = sourcecode.swift; name = "FavoriteItems+CoreDataProperties.swift"; path = "../../FavoriteItems+CoreDataProperties.swift"; sourceTree = "<group>"; };
		59AF7B01299CBBC300E8186B /* DbService.swift */ = {isa = PBXFileReference; lastKnownFileType = sourcecode.swift; path = DbService.swift; sourceTree = "<group>"; };
		59AF7B03299CD89100E8186B /* FavoriteModel.swift */ = {isa = PBXFileReference; lastKnownFileType = sourcecode.swift; path = FavoriteModel.swift; sourceTree = "<group>"; };
		59AF7B05299CDC8F00E8186B /* FavoriteCollectionViewCell.swift */ = {isa = PBXFileReference; lastKnownFileType = sourcecode.swift; path = FavoriteCollectionViewCell.swift; sourceTree = "<group>"; };
/* End PBXFileReference section */

/* Begin PBXFrameworksBuildPhase section */
		59A7E06E299A3DB200B7D0D5 /* Frameworks */ = {
			isa = PBXFrameworksBuildPhase;
			buildActionMask = 2147483647;
			files = (
				59AF7AF7299BB11900E8186B /* SDWebImageMapKit in Frameworks */,
				59AF7AF5299BB11900E8186B /* SDWebImage in Frameworks */,
			);
			runOnlyForDeploymentPostprocessing = 0;
		};
		59A7E087299A3DB500B7D0D5 /* Frameworks */ = {
			isa = PBXFrameworksBuildPhase;
			buildActionMask = 2147483647;
			files = (
			);
			runOnlyForDeploymentPostprocessing = 0;
		};
		59A7E091299A3DB500B7D0D5 /* Frameworks */ = {
			isa = PBXFrameworksBuildPhase;
			buildActionMask = 2147483647;
			files = (
			);
			runOnlyForDeploymentPostprocessing = 0;
		};
/* End PBXFrameworksBuildPhase section */

/* Begin PBXGroup section */
		59A7E068299A3DB200B7D0D5 = {
			isa = PBXGroup;
			children = (
				59A7E073299A3DB200B7D0D5 /* assignment */,
				59A7E08D299A3DB500B7D0D5 /* assignmentTests */,
				59A7E097299A3DB500B7D0D5 /* assignmentUITests */,
				59A7E072299A3DB200B7D0D5 /* Products */,
			);
			sourceTree = "<group>";
		};
		59A7E072299A3DB200B7D0D5 /* Products */ = {
			isa = PBXGroup;
			children = (
				59A7E071299A3DB200B7D0D5 /* assignment.app */,
				59A7E08A299A3DB500B7D0D5 /* assignmentTests.xctest */,
				59A7E094299A3DB500B7D0D5 /* assignmentUITests.xctest */,
			);
			name = Products;
			sourceTree = "<group>";
		};
		59A7E073299A3DB200B7D0D5 /* assignment */ = {
			isa = PBXGroup;
			children = (
				59AF7AFC299CB7A500E8186B /* Database */,
				59A7E0F5299B507D00B7D0D5 /* StoryBoard */,
				59A7E0FA299B511300B7D0D5 /* Applications */,
				59A7E0F6299B50CA00B7D0D5 /* Screens */,
				59A7E103299B51BC00B7D0D5 /* Resources */,
				59A7E0F9299B50E900B7D0D5 /* Extensions */,
				59A7E0F8299B50E000B7D0D5 /* Helper */,
				59A7E0F7299B50D400B7D0D5 /* Constants */,
				59A7E085299A3DB400B7D0D5 /* Info.plist */,
				59A7E07D299A3DB200B7D0D5 /* assignment.xcdatamodeld */,
			);
			path = assignment;
			sourceTree = "<group>";
		};
		59A7E08D299A3DB500B7D0D5 /* assignmentTests */ = {
			isa = PBXGroup;
			children = (
				59A7E08E299A3DB500B7D0D5 /* assignmentTests.swift */,
			);
			path = assignmentTests;
			sourceTree = "<group>";
		};
		59A7E097299A3DB500B7D0D5 /* assignmentUITests */ = {
			isa = PBXGroup;
			children = (
				59A7E098299A3DB500B7D0D5 /* assignmentUITests.swift */,
				59A7E09A299A3DB500B7D0D5 /* assignmentUITestsLaunchTests.swift */,
			);
			path = assignmentUITests;
			sourceTree = "<group>";
		};
		59A7E0F5299B507D00B7D0D5 /* StoryBoard */ = {
			isa = PBXGroup;
			children = (
				59A7E082299A3DB400B7D0D5 /* LaunchScreen.storyboard */,
				59A7E07A299A3DB200B7D0D5 /* Main.storyboard */,
			);
			path = StoryBoard;
			sourceTree = "<group>";
		};
		59A7E0F6299B50CA00B7D0D5 /* Screens */ = {
			isa = PBXGroup;
			children = (
				59A7E0FC299B517200B7D0D5 /* Favorite */,
				59A7E0FB299B516A00B7D0D5 /* Home */,
			);
			path = Screens;
			sourceTree = "<group>";
		};
		59A7E0F7299B50D400B7D0D5 /* Constants */ = {
			isa = PBXGroup;
			children = (
				59A7E10A299B556800B7D0D5 /* Constant.swift */,
			);
			path = Constants;
			sourceTree = "<group>";
		};
		59A7E0F8299B50E000B7D0D5 /* Helper */ = {
			isa = PBXGroup;
			children = (
				59A7E106299B547600B7D0D5 /* ApiManger.swift */,
				59AA2271299DF84600376321 /* gestureController.swift */,
			);
			path = Helper;
			sourceTree = "<group>";
		};
		59A7E0F9299B50E900B7D0D5 /* Extensions */ = {
			isa = PBXGroup;
			children = (
			);
			path = Extensions;
			sourceTree = "<group>";
		};
		59A7E0FA299B511300B7D0D5 /* Applications */ = {
			isa = PBXGroup;
			children = (
				59A7E076299A3DB200B7D0D5 /* SceneDelegate.swift */,
				59A7E074299A3DB200B7D0D5 /* AppDelegate.swift */,
			);
			path = Applications;
			sourceTree = "<group>";
		};
		59A7E0FB299B516A00B7D0D5 /* Home */ = {
			isa = PBXGroup;
			children = (
				59A7E102299B51A100B7D0D5 /* ViewModel */,
				59A7E101299B519B00B7D0D5 /* View */,
				59A7E100299B519600B7D0D5 /* Model */,
			);
			path = Home;
			sourceTree = "<group>";
		};
		59A7E0FC299B517200B7D0D5 /* Favorite */ = {
			isa = PBXGroup;
			children = (
				59A7E0FF299B518800B7D0D5 /* ViewModel */,
				59A7E0FE299B518100B7D0D5 /* View */,
				59A7E0FD299B517A00B7D0D5 /* Model */,
			);
			path = Favorite;
			sourceTree = "<group>";
		};
		59A7E0FD299B517A00B7D0D5 /* Model */ = {
			isa = PBXGroup;
			children = (
			);
			path = Model;
			sourceTree = "<group>";
		};
		59A7E0FE299B518100B7D0D5 /* View */ = {
			isa = PBXGroup;
			children = (
				59A7E0A7299A402700B7D0D5 /* FavoriteViewController.swift */,
				59AF7B05299CDC8F00E8186B /* FavoriteCollectionViewCell.swift */,
			);
			path = View;
			sourceTree = "<group>";
		};
		59A7E0FF299B518800B7D0D5 /* ViewModel */ = {
			isa = PBXGroup;
			children = (
				59AA2273299E0C4700376321 /* FavoriteViewModel.swift */,
			);
			path = ViewModel;
			sourceTree = "<group>";
		};
		59A7E100299B519600B7D0D5 /* Model */ = {
			isa = PBXGroup;
			children = (
				59A7E108299B54ED00B7D0D5 /* GifModel.swift */,
				59AF7B03299CD89100E8186B /* FavoriteModel.swift */,
			);
			path = Model;
			sourceTree = "<group>";
		};
		59A7E101299B519B00B7D0D5 /* View */ = {
			isa = PBXGroup;
			children = (
				59A7E078299A3DB200B7D0D5 /* ViewController.swift */,
				59AF7AF1299BAF1500E8186B /* CollectionViewCell.swift */,
			);
			path = View;
			sourceTree = "<group>";
		};
		59A7E102299B51A100B7D0D5 /* ViewModel */ = {
			isa = PBXGroup;
			children = (
				59A7E104299B53B300B7D0D5 /* HomeViewModel.swift */,
			);
			path = ViewModel;
			sourceTree = "<group>";
		};
		59A7E103299B51BC00B7D0D5 /* Resources */ = {
			isa = PBXGroup;
			children = (
				59A7E080299A3DB400B7D0D5 /* Assets.xcassets */,
			);
			path = Resources;
			sourceTree = "<group>";
		};
		59AF7AFC299CB7A500E8186B /* Database */ = {
			isa = PBXGroup;
			children = (
				59AF7B01299CBBC300E8186B /* DbService.swift */,
				59AF7AFD299CB86300E8186B /* FavoriteItems+CoreDataClass.swift */,
				59AF7AFE299CB86300E8186B /* FavoriteItems+CoreDataProperties.swift */,
			);
			path = Database;
			sourceTree = "<group>";
		};
/* End PBXGroup section */

/* Begin PBXNativeTarget section */
		59A7E070299A3DB200B7D0D5 /* assignment */ = {
			isa = PBXNativeTarget;
			buildConfigurationList = 59A7E09E299A3DB500B7D0D5 /* Build configuration list for PBXNativeTarget "assignment" */;
			buildPhases = (
				59A7E06D299A3DB200B7D0D5 /* Sources */,
				59A7E06E299A3DB200B7D0D5 /* Frameworks */,
				59A7E06F299A3DB200B7D0D5 /* Resources */,
			);
			buildRules = (
			);
			dependencies = (
			);
			name = assignment;
			packageProductDependencies = (
				59AF7AF4299BB11900E8186B /* SDWebImage */,
				59AF7AF6299BB11900E8186B /* SDWebImageMapKit */,
			);
			productName = assignment;
			productReference = 59A7E071299A3DB200B7D0D5 /* assignment.app */;
			productType = "com.apple.product-type.application";
		};
		59A7E089299A3DB500B7D0D5 /* assignmentTests */ = {
			isa = PBXNativeTarget;
			buildConfigurationList = 59A7E0A1299A3DB500B7D0D5 /* Build configuration list for PBXNativeTarget "assignmentTests" */;
			buildPhases = (
				59A7E086299A3DB500B7D0D5 /* Sources */,
				59A7E087299A3DB500B7D0D5 /* Frameworks */,
				59A7E088299A3DB500B7D0D5 /* Resources */,
			);
			buildRules = (
			);
			dependencies = (
				59A7E08C299A3DB500B7D0D5 /* PBXTargetDependency */,
			);
			name = assignmentTests;
			productName = assignmentTests;
			productReference = 59A7E08A299A3DB500B7D0D5 /* assignmentTests.xctest */;
			productType = "com.apple.product-type.bundle.unit-test";
		};
		59A7E093299A3DB500B7D0D5 /* assignmentUITests */ = {
			isa = PBXNativeTarget;
			buildConfigurationList = 59A7E0A4299A3DB500B7D0D5 /* Build configuration list for PBXNativeTarget "assignmentUITests" */;
			buildPhases = (
				59A7E090299A3DB500B7D0D5 /* Sources */,
				59A7E091299A3DB500B7D0D5 /* Frameworks */,
				59A7E092299A3DB500B7D0D5 /* Resources */,
			);
			buildRules = (
			);
			dependencies = (
				59A7E096299A3DB500B7D0D5 /* PBXTargetDependency */,
			);
			name = assignmentUITests;
			productName = assignmentUITests;
			productReference = 59A7E094299A3DB500B7D0D5 /* assignmentUITests.xctest */;
			productType = "com.apple.product-type.bundle.ui-testing";
		};
/* End PBXNativeTarget section */

/* Begin PBXProject section */
		59A7E069299A3DB200B7D0D5 /* Project object */ = {
			isa = PBXProject;
			attributes = {
				BuildIndependentTargetsInParallel = 1;
				LastSwiftUpdateCheck = 1420;
				LastUpgradeCheck = 1420;
				TargetAttributes = {
					59A7E070299A3DB200B7D0D5 = {
						CreatedOnToolsVersion = 14.2;
					};
					59A7E089299A3DB500B7D0D5 = {
						CreatedOnToolsVersion = 14.2;
						TestTargetID = 59A7E070299A3DB200B7D0D5;
					};
					59A7E093299A3DB500B7D0D5 = {
						CreatedOnToolsVersion = 14.2;
						TestTargetID = 59A7E070299A3DB200B7D0D5;
					};
				};
			};
			buildConfigurationList = 59A7E06C299A3DB200B7D0D5 /* Build configuration list for PBXProject "assignment" */;
			compatibilityVersion = "Xcode 14.0";
			developmentRegion = en;
			hasScannedForEncodings = 0;
			knownRegions = (
				en,
				Base,
			);
			mainGroup = 59A7E068299A3DB200B7D0D5;
			packageReferences = (
				59AF7AF3299BB11900E8186B /* XCRemoteSwiftPackageReference "SDWebImage" */,
			);
			productRefGroup = 59A7E072299A3DB200B7D0D5 /* Products */;
			projectDirPath = "";
			projectRoot = "";
			targets = (
				59A7E070299A3DB200B7D0D5 /* assignment */,
				59A7E089299A3DB500B7D0D5 /* assignmentTests */,
				59A7E093299A3DB500B7D0D5 /* assignmentUITests */,
			);
		};
/* End PBXProject section */

/* Begin PBXResourcesBuildPhase section */
		59A7E06F299A3DB200B7D0D5 /* Resources */ = {
			isa = PBXResourcesBuildPhase;
			buildActionMask = 2147483647;
			files = (
				59A7E084299A3DB400B7D0D5 /* LaunchScreen.storyboard in Resources */,
				59A7E081299A3DB400B7D0D5 /* Assets.xcassets in Resources */,
				59A7E07C299A3DB200B7D0D5 /* Main.storyboard in Resources */,
			);
			runOnlyForDeploymentPostprocessing = 0;
		};
		59A7E088299A3DB500B7D0D5 /* Resources */ = {
			isa = PBXResourcesBuildPhase;
			buildActionMask = 2147483647;
			files = (
			);
			runOnlyForDeploymentPostprocessing = 0;
		};
		59A7E092299A3DB500B7D0D5 /* Resources */ = {
			isa = PBXResourcesBuildPhase;
			buildActionMask = 2147483647;
			files = (
			);
			runOnlyForDeploymentPostprocessing = 0;
		};
/* End PBXResourcesBuildPhase section */

/* Begin PBXSourcesBuildPhase section */
		59A7E06D299A3DB200B7D0D5 /* Sources */ = {
			isa = PBXSourcesBuildPhase;
			buildActionMask = 2147483647;
			files = (
				59AF7AFF299CB86300E8186B /* FavoriteItems+CoreDataClass.swift in Sources */,
				59AF7AF2299BAF1500E8186B /* CollectionViewCell.swift in Sources */,
				59A7E109299B54ED00B7D0D5 /* GifModel.swift in Sources */,
				59AF7B04299CD89100E8186B /* FavoriteModel.swift in Sources */,
				59AF7B06299CDC8F00E8186B /* FavoriteCollectionViewCell.swift in Sources */,
				59AA2272299DF84600376321 /* gestureController.swift in Sources */,
				59A7E07F299A3DB200B7D0D5 /* assignment.xcdatamodeld in Sources */,
				59A7E10B299B556800B7D0D5 /* Constant.swift in Sources */,
				59A7E105299B53B300B7D0D5 /* HomeViewModel.swift in Sources */,
				59AF7B02299CBBC300E8186B /* DbService.swift in Sources */,
				59AF7B00299CB86300E8186B /* FavoriteItems+CoreDataProperties.swift in Sources */,
				59A7E079299A3DB200B7D0D5 /* ViewController.swift in Sources */,
				59A7E107299B547600B7D0D5 /* ApiManger.swift in Sources */,
				59AA2274299E0C4700376321 /* FavoriteViewModel.swift in Sources */,
				59A7E075299A3DB200B7D0D5 /* AppDelegate.swift in Sources */,
				59A7E077299A3DB200B7D0D5 /* SceneDelegate.swift in Sources */,
				59A7E0A8299A402700B7D0D5 /* FavoriteViewController.swift in Sources */,
			);
			runOnlyForDeploymentPostprocessing = 0;
		};
		59A7E086299A3DB500B7D0D5 /* Sources */ = {
			isa = PBXSourcesBuildPhase;
			buildActionMask = 2147483647;
			files = (
				59A7E08F299A3DB500B7D0D5 /* assignmentTests.swift in Sources */,
			);
			runOnlyForDeploymentPostprocessing = 0;
		};
		59A7E090299A3DB500B7D0D5 /* Sources */ = {
			isa = PBXSourcesBuildPhase;
			buildActionMask = 2147483647;
			files = (
				59A7E099299A3DB500B7D0D5 /* assignmentUITests.swift in Sources */,
				59A7E09B299A3DB500B7D0D5 /* assignmentUITestsLaunchTests.swift in Sources */,
			);
			runOnlyForDeploymentPostprocessing = 0;
		};
/* End PBXSourcesBuildPhase section */

/* Begin PBXTargetDependency section */
		59A7E08C299A3DB500B7D0D5 /* PBXTargetDependency */ = {
			isa = PBXTargetDependency;
			target = 59A7E070299A3DB200B7D0D5 /* assignment */;
			targetProxy = 59A7E08B299A3DB500B7D0D5 /* PBXContainerItemProxy */;
		};
		59A7E096299A3DB500B7D0D5 /* PBXTargetDependency */ = {
			isa = PBXTargetDependency;
			target = 59A7E070299A3DB200B7D0D5 /* assignment */;
			targetProxy = 59A7E095299A3DB500B7D0D5 /* PBXContainerItemProxy */;
		};
/* End PBXTargetDependency section */

/* Begin PBXVariantGroup section */
		59A7E07A299A3DB200B7D0D5 /* Main.storyboard */ = {
			isa = PBXVariantGroup;
			children = (
				59A7E07B299A3DB200B7D0D5 /* Base */,
			);
			name = Main.storyboard;
			sourceTree = "<group>";
		};
		59A7E082299A3DB400B7D0D5 /* LaunchScreen.storyboard */ = {
			isa = PBXVariantGroup;
			children = (
				59A7E083299A3DB400B7D0D5 /* Base */,
			);
			name = LaunchScreen.storyboard;
			sourceTree = "<group>";
		};
/* End PBXVariantGroup section */

/* Begin XCBuildConfiguration section */
		59A7E09C299A3DB500B7D0D5 /* Debug */ = {
			isa = XCBuildConfiguration;
			buildSettings = {
				ALWAYS_SEARCH_USER_PATHS = NO;
				CLANG_ANALYZER_NONNULL = YES;
				CLANG_ANALYZER_NUMBER_OBJECT_CONVERSION = YES_AGGRESSIVE;
				CLANG_CXX_LANGUAGE_STANDARD = "gnu++20";
				CLANG_ENABLE_MODULES = YES;
				CLANG_ENABLE_OBJC_ARC = YES;
				CLANG_ENABLE_OBJC_WEAK = YES;
				CLANG_WARN_BLOCK_CAPTURE_AUTORELEASING = YES;
				CLANG_WARN_BOOL_CONVERSION = YES;
				CLANG_WARN_COMMA = YES;
				CLANG_WARN_CONSTANT_CONVERSION = YES;
				CLANG_WARN_DEPRECATED_OBJC_IMPLEMENTATIONS = YES;
				CLANG_WARN_DIRECT_OBJC_ISA_USAGE = YES_ERROR;
				CLANG_WARN_DOCUMENTATION_COMMENTS = YES;
				CLANG_WARN_EMPTY_BODY = YES;
				CLANG_WARN_ENUM_CONVERSION = YES;
				CLANG_WARN_INFINITE_RECURSION = YES;
				CLANG_WARN_INT_CONVERSION = YES;
				CLANG_WARN_NON_LITERAL_NULL_CONVERSION = YES;
				CLANG_WARN_OBJC_IMPLICIT_RETAIN_SELF = YES;
				CLANG_WARN_OBJC_LITERAL_CONVERSION = YES;
				CLANG_WARN_OBJC_ROOT_CLASS = YES_ERROR;
				CLANG_WARN_QUOTED_INCLUDE_IN_FRAMEWORK_HEADER = YES;
				CLANG_WARN_RANGE_LOOP_ANALYSIS = YES;
				CLANG_WARN_STRICT_PROTOTYPES = YES;
				CLANG_WARN_SUSPICIOUS_MOVE = YES;
				CLANG_WARN_UNGUARDED_AVAILABILITY = YES_AGGRESSIVE;
				CLANG_WARN_UNREACHABLE_CODE = YES;
				CLANG_WARN__DUPLICATE_METHOD_MATCH = YES;
				COPY_PHASE_STRIP = NO;
				DEBUG_INFORMATION_FORMAT = dwarf;
				ENABLE_STRICT_OBJC_MSGSEND = YES;
				ENABLE_TESTABILITY = YES;
				GCC_C_LANGUAGE_STANDARD = gnu11;
				GCC_DYNAMIC_NO_PIC = NO;
				GCC_NO_COMMON_BLOCKS = YES;
				GCC_OPTIMIZATION_LEVEL = 0;
				GCC_PREPROCESSOR_DEFINITIONS = (
					"DEBUG=1",
					"$(inherited)",
				);
				GCC_WARN_64_TO_32_BIT_CONVERSION = YES;
				GCC_WARN_ABOUT_RETURN_TYPE = YES_ERROR;
				GCC_WARN_UNDECLARED_SELECTOR = YES;
				GCC_WARN_UNINITIALIZED_AUTOS = YES_AGGRESSIVE;
				GCC_WARN_UNUSED_FUNCTION = YES;
				GCC_WARN_UNUSED_VARIABLE = YES;
				IPHONEOS_DEPLOYMENT_TARGET = 16.2;
				MTL_ENABLE_DEBUG_INFO = INCLUDE_SOURCE;
				MTL_FAST_MATH = YES;
				ONLY_ACTIVE_ARCH = YES;
				SDKROOT = iphoneos;
				SWIFT_ACTIVE_COMPILATION_CONDITIONS = DEBUG;
				SWIFT_OPTIMIZATION_LEVEL = "-Onone";
			};
			name = Debug;
		};
		59A7E09D299A3DB500B7D0D5 /* Release */ = {
			isa = XCBuildConfiguration;
			buildSettings = {
				ALWAYS_SEARCH_USER_PATHS = NO;
				CLANG_ANALYZER_NONNULL = YES;
				CLANG_ANALYZER_NUMBER_OBJECT_CONVERSION = YES_AGGRESSIVE;
				CLANG_CXX_LANGUAGE_STANDARD = "gnu++20";
				CLANG_ENABLE_MODULES = YES;
				CLANG_ENABLE_OBJC_ARC = YES;
				CLANG_ENABLE_OBJC_WEAK = YES;
				CLANG_WARN_BLOCK_CAPTURE_AUTORELEASING = YES;
				CLANG_WARN_BOOL_CONVERSION = YES;
				CLANG_WARN_COMMA = YES;
				CLANG_WARN_CONSTANT_CONVERSION = YES;
				CLANG_WARN_DEPRECATED_OBJC_IMPLEMENTATIONS = YES;
				CLANG_WARN_DIRECT_OBJC_ISA_USAGE = YES_ERROR;
				CLANG_WARN_DOCUMENTATION_COMMENTS = YES;
				CLANG_WARN_EMPTY_BODY = YES;
				CLANG_WARN_ENUM_CONVERSION = YES;
				CLANG_WARN_INFINITE_RECURSION = YES;
				CLANG_WARN_INT_CONVERSION = YES;
				CLANG_WARN_NON_LITERAL_NULL_CONVERSION = YES;
				CLANG_WARN_OBJC_IMPLICIT_RETAIN_SELF = YES;
				CLANG_WARN_OBJC_LITERAL_CONVERSION = YES;
				CLANG_WARN_OBJC_ROOT_CLASS = YES_ERROR;
				CLANG_WARN_QUOTED_INCLUDE_IN_FRAMEWORK_HEADER = YES;
				CLANG_WARN_RANGE_LOOP_ANALYSIS = YES;
				CLANG_WARN_STRICT_PROTOTYPES = YES;
				CLANG_WARN_SUSPICIOUS_MOVE = YES;
				CLANG_WARN_UNGUARDED_AVAILABILITY = YES_AGGRESSIVE;
				CLANG_WARN_UNREACHABLE_CODE = YES;
				CLANG_WARN__DUPLICATE_METHOD_MATCH = YES;
				COPY_PHASE_STRIP = NO;
				DEBUG_INFORMATION_FORMAT = "dwarf-with-dsym";
				ENABLE_NS_ASSERTIONS = NO;
				ENABLE_STRICT_OBJC_MSGSEND = YES;
				GCC_C_LANGUAGE_STANDARD = gnu11;
				GCC_NO_COMMON_BLOCKS = YES;
				GCC_WARN_64_TO_32_BIT_CONVERSION = YES;
				GCC_WARN_ABOUT_RETURN_TYPE = YES_ERROR;
				GCC_WARN_UNDECLARED_SELECTOR = YES;
				GCC_WARN_UNINITIALIZED_AUTOS = YES_AGGRESSIVE;
				GCC_WARN_UNUSED_FUNCTION = YES;
				GCC_WARN_UNUSED_VARIABLE = YES;
				IPHONEOS_DEPLOYMENT_TARGET = 16.2;
				MTL_ENABLE_DEBUG_INFO = NO;
				MTL_FAST_MATH = YES;
				SDKROOT = iphoneos;
				SWIFT_COMPILATION_MODE = wholemodule;
				SWIFT_OPTIMIZATION_LEVEL = "-O";
				VALIDATE_PRODUCT = YES;
			};
			name = Release;
		};
		59A7E09F299A3DB500B7D0D5 /* Debug */ = {
			isa = XCBuildConfiguration;
			buildSettings = {
				ASSETCATALOG_COMPILER_APPICON_NAME = AppIcon;
				ASSETCATALOG_COMPILER_GLOBAL_ACCENT_COLOR_NAME = AccentColor;
				CODE_SIGN_STYLE = Automatic;
				CURRENT_PROJECT_VERSION = 1;
				GENERATE_INFOPLIST_FILE = YES;
				INFOPLIST_FILE = assignment/Info.plist;
				INFOPLIST_KEY_UIApplicationSupportsIndirectInputEvents = YES;
				INFOPLIST_KEY_UILaunchStoryboardName = LaunchScreen;
				INFOPLIST_KEY_UIMainStoryboardFile = Main;
				INFOPLIST_KEY_UISupportedInterfaceOrientations_iPad = "UIInterfaceOrientationPortrait UIInterfaceOrientationPortraitUpsideDown UIInterfaceOrientationLandscapeLeft UIInterfaceOrientationLandscapeRight";
				INFOPLIST_KEY_UISupportedInterfaceOrientations_iPhone = "UIInterfaceOrientationPortrait UIInterfaceOrientationLandscapeLeft UIInterfaceOrientationLandscapeRight";
				LD_RUNPATH_SEARCH_PATHS = (
					"$(inherited)",
					"@executable_path/Frameworks",
				);
				MARKETING_VERSION = 1.0;
				PRODUCT_BUNDLE_IDENTIFIER = co.docquityIntern.assignment;
				PRODUCT_NAME = "$(TARGET_NAME)";
				SWIFT_EMIT_LOC_STRINGS = YES;
				SWIFT_VERSION = 5.0;
				TARGETED_DEVICE_FAMILY = "1,2";
			};
			name = Debug;
		};
		59A7E0A0299A3DB500B7D0D5 /* Release */ = {
			isa = XCBuildConfiguration;
			buildSettings = {
				ASSETCATALOG_COMPILER_APPICON_NAME = AppIcon;
				ASSETCATALOG_COMPILER_GLOBAL_ACCENT_COLOR_NAME = AccentColor;
				CODE_SIGN_STYLE = Automatic;
				CURRENT_PROJECT_VERSION = 1;
				GENERATE_INFOPLIST_FILE = YES;
				INFOPLIST_FILE = assignment/Info.plist;
				INFOPLIST_KEY_UIApplicationSupportsIndirectInputEvents = YES;
				INFOPLIST_KEY_UILaunchStoryboardName = LaunchScreen;
				INFOPLIST_KEY_UIMainStoryboardFile = Main;
				INFOPLIST_KEY_UISupportedInterfaceOrientations_iPad = "UIInterfaceOrientationPortrait UIInterfaceOrientationPortraitUpsideDown UIInterfaceOrientationLandscapeLeft UIInterfaceOrientationLandscapeRight";
				INFOPLIST_KEY_UISupportedInterfaceOrientations_iPhone = "UIInterfaceOrientationPortrait UIInterfaceOrientationLandscapeLeft UIInterfaceOrientationLandscapeRight";
				LD_RUNPATH_SEARCH_PATHS = (
					"$(inherited)",
					"@executable_path/Frameworks",
				);
				MARKETING_VERSION = 1.0;
				PRODUCT_BUNDLE_IDENTIFIER = co.docquityIntern.assignment;
				PRODUCT_NAME = "$(TARGET_NAME)";
				SWIFT_EMIT_LOC_STRINGS = YES;
				SWIFT_VERSION = 5.0;
				TARGETED_DEVICE_FAMILY = "1,2";
			};
			name = Release;
		};
		59A7E0A2299A3DB500B7D0D5 /* Debug */ = {
			isa = XCBuildConfiguration;
			buildSettings = {
				ALWAYS_EMBED_SWIFT_STANDARD_LIBRARIES = YES;
				BUNDLE_LOADER = "$(TEST_HOST)";
				CODE_SIGN_STYLE = Automatic;
				CURRENT_PROJECT_VERSION = 1;
				GENERATE_INFOPLIST_FILE = YES;
				IPHONEOS_DEPLOYMENT_TARGET = 16.2;
				MARKETING_VERSION = 1.0;
				PRODUCT_BUNDLE_IDENTIFIER = co.docquityIntern.assignmentTests;
				PRODUCT_NAME = "$(TARGET_NAME)";
				SWIFT_EMIT_LOC_STRINGS = NO;
				SWIFT_VERSION = 5.0;
				TARGETED_DEVICE_FAMILY = "1,2";
				TEST_HOST = "$(BUILT_PRODUCTS_DIR)/assignment.app/$(BUNDLE_EXECUTABLE_FOLDER_PATH)/assignment";
			};
			name = Debug;
		};
		59A7E0A3299A3DB500B7D0D5 /* Release */ = {
			isa = XCBuildConfiguration;
			buildSettings = {
				ALWAYS_EMBED_SWIFT_STANDARD_LIBRARIES = YES;
				BUNDLE_LOADER = "$(TEST_HOST)";
				CODE_SIGN_STYLE = Automatic;
				CURRENT_PROJECT_VERSION = 1;
				GENERATE_INFOPLIST_FILE = YES;
				IPHONEOS_DEPLOYMENT_TARGET = 16.2;
				MARKETING_VERSION = 1.0;
				PRODUCT_BUNDLE_IDENTIFIER = co.docquityIntern.assignmentTests;
				PRODUCT_NAME = "$(TARGET_NAME)";
				SWIFT_EMIT_LOC_STRINGS = NO;
				SWIFT_VERSION = 5.0;
				TARGETED_DEVICE_FAMILY = "1,2";
				TEST_HOST = "$(BUILT_PRODUCTS_DIR)/assignment.app/$(BUNDLE_EXECUTABLE_FOLDER_PATH)/assignment";
			};
			name = Release;
		};
		59A7E0A5299A3DB500B7D0D5 /* Debug */ = {
			isa = XCBuildConfiguration;
			buildSettings = {
				ALWAYS_EMBED_SWIFT_STANDARD_LIBRARIES = YES;
				CODE_SIGN_STYLE = Automatic;
				CURRENT_PROJECT_VERSION = 1;
				GENERATE_INFOPLIST_FILE = YES;
				MARKETING_VERSION = 1.0;
				PRODUCT_BUNDLE_IDENTIFIER = co.docquityIntern.assignmentUITests;
				PRODUCT_NAME = "$(TARGET_NAME)";
				SWIFT_EMIT_LOC_STRINGS = NO;
				SWIFT_VERSION = 5.0;
				TARGETED_DEVICE_FAMILY = "1,2";
				TEST_TARGET_NAME = assignment;
			};
			name = Debug;
		};
		59A7E0A6299A3DB500B7D0D5 /* Release */ = {
			isa = XCBuildConfiguration;
			buildSettings = {
				ALWAYS_EMBED_SWIFT_STANDARD_LIBRARIES = YES;
				CODE_SIGN_STYLE = Automatic;
				CURRENT_PROJECT_VERSION = 1;
				GENERATE_INFOPLIST_FILE = YES;
				MARKETING_VERSION = 1.0;
				PRODUCT_BUNDLE_IDENTIFIER = co.docquityIntern.assignmentUITests;
				PRODUCT_NAME = "$(TARGET_NAME)";
				SWIFT_EMIT_LOC_STRINGS = NO;
				SWIFT_VERSION = 5.0;
				TARGETED_DEVICE_FAMILY = "1,2";
				TEST_TARGET_NAME = assignment;
			};
			name = Release;
		};
/* End XCBuildConfiguration section */

/* Begin XCConfigurationList section */
		59A7E06C299A3DB200B7D0D5 /* Build configuration list for PBXProject "assignment" */ = {
			isa = XCConfigurationList;
			buildConfigurations = (
				59A7E09C299A3DB500B7D0D5 /* Debug */,
				59A7E09D299A3DB500B7D0D5 /* Release */,
			);
			defaultConfigurationIsVisible = 0;
			defaultConfigurationName = Release;
		};
		59A7E09E299A3DB500B7D0D5 /* Build configuration list for PBXNativeTarget "assignment" */ = {
			isa = XCConfigurationList;
			buildConfigurations = (
				59A7E09F299A3DB500B7D0D5 /* Debug */,
				59A7E0A0299A3DB500B7D0D5 /* Release */,
			);
			defaultConfigurationIsVisible = 0;
			defaultConfigurationName = Release;
		};
		59A7E0A1299A3DB500B7D0D5 /* Build configuration list for PBXNativeTarget "assignmentTests" */ = {
			isa = XCConfigurationList;
			buildConfigurations = (
				59A7E0A2299A3DB500B7D0D5 /* Debug */,
				59A7E0A3299A3DB500B7D0D5 /* Release */,
			);
			defaultConfigurationIsVisible = 0;
			defaultConfigurationName = Release;
		};
		59A7E0A4299A3DB500B7D0D5 /* Build configuration list for PBXNativeTarget "assignmentUITests" */ = {
			isa = XCConfigurationList;
			buildConfigurations = (
				59A7E0A5299A3DB500B7D0D5 /* Debug */,
				59A7E0A6299A3DB500B7D0D5 /* Release */,
			);
			defaultConfigurationIsVisible = 0;
			defaultConfigurationName = Release;
		};
/* End XCConfigurationList section */

/* Begin XCRemoteSwiftPackageReference section */
		59AF7AF3299BB11900E8186B /* XCRemoteSwiftPackageReference "SDWebImage" */ = {
			isa = XCRemoteSwiftPackageReference;
			repositoryURL = "https://github.com/SDWebImage/SDWebImage.git";
			requirement = {
				kind = upToNextMajorVersion;
				minimumVersion = 5.0.0;
			};
		};
/* End XCRemoteSwiftPackageReference section */

/* Begin XCSwiftPackageProductDependency section */
		59AF7AF4299BB11900E8186B /* SDWebImage */ = {
			isa = XCSwiftPackageProductDependency;
			package = 59AF7AF3299BB11900E8186B /* XCRemoteSwiftPackageReference "SDWebImage" */;
			productName = SDWebImage;
		};
		59AF7AF6299BB11900E8186B /* SDWebImageMapKit */ = {
			isa = XCSwiftPackageProductDependency;
			package = 59AF7AF3299BB11900E8186B /* XCRemoteSwiftPackageReference "SDWebImage" */;
			productName = SDWebImageMapKit;
		};
/* End XCSwiftPackageProductDependency section */

/* Begin XCVersionGroup section */
		59A7E07D299A3DB200B7D0D5 /* assignment.xcdatamodeld */ = {
			isa = XCVersionGroup;
			children = (
				59A7E07E299A3DB200B7D0D5 /* assignment.xcdatamodel */,
			);
			currentVersion = 59A7E07E299A3DB200B7D0D5 /* assignment.xcdatamodel */;
			path = assignment.xcdatamodeld;
			sourceTree = "<group>";
			versionGroupType = wrapper.xcdatamodel;
		};
/* End XCVersionGroup section */
	};
	rootObject = 59A7E069299A3DB200B7D0D5 /* Project object */;
}
